// !$*UTF8*$!
{
	archiveVersion = 1;
	classes = {
	};
	objectVersion = 55;
	objects = {

/* Begin PBXBuildFile section */
		DA41E86F28BF80AB0092DFA3 /* Array+.swift in Sources */ = {isa = PBXBuildFile; fileRef = DA41E86E28BF80AB0092DFA3 /* Array+.swift */; };
		DA4D2C0F28A707BF00260B4C /* PlayListModuleCollectionViewCell.swift in Sources */ = {isa = PBXBuildFile; fileRef = DA4D2C0D28A707BF00260B4C /* PlayListModuleCollectionViewCell.swift */; };
		DA4D2C1028A707BF00260B4C /* PlayListModuleCollectionViewCell.xib in Resources */ = {isa = PBXBuildFile; fileRef = DA4D2C0E28A707BF00260B4C /* PlayListModuleCollectionViewCell.xib */; };
		DA6078132886D5C20002A524 /* Int+.swift in Sources */ = {isa = PBXBuildFile; fileRef = DA6078122886D5C20002A524 /* Int+.swift */; };
		DA607819288872040002A524 /* Songs.swift in Sources */ = {isa = PBXBuildFile; fileRef = DA607818288872040002A524 /* Songs.swift */; };
		DA60781B288B8D020002A524 /* PlayViewController+UITableViewDataSource.swift in Sources */ = {isa = PBXBuildFile; fileRef = DA60781A288B8D020002A524 /* PlayViewController+UITableViewDataSource.swift */; };
		DA60781D288B948D0002A524 /* SelectedStatus.swift in Sources */ = {isa = PBXBuildFile; fileRef = DA60781C288B948D0002A524 /* SelectedStatus.swift */; };
		DA60781F288B9C080002A524 /* NSNotification+.swift in Sources */ = {isa = PBXBuildFile; fileRef = DA60781E288B9C080002A524 /* NSNotification+.swift */; };
		DA607821288C034C0002A524 /* Settings.swift in Sources */ = {isa = PBXBuildFile; fileRef = DA607820288C034C0002A524 /* Settings.swift */; };
		DA607827288D1D480002A524 /* HomeViewController.swift in Sources */ = {isa = PBXBuildFile; fileRef = DA607826288D1D480002A524 /* HomeViewController.swift */; };
		DA607829288D1D5E0002A524 /* Home.storyboard in Resources */ = {isa = PBXBuildFile; fileRef = DA607828288D1D5E0002A524 /* Home.storyboard */; };
		DA60782D288D3B190002A524 /* UIImage+.swift in Sources */ = {isa = PBXBuildFile; fileRef = DA60782C288D3B190002A524 /* UIImage+.swift */; };
		DA60783E28989D6E0002A524 /* Search.storyboard in Resources */ = {isa = PBXBuildFile; fileRef = DA60783D28989D6E0002A524 /* Search.storyboard */; };
		DA60784028989D8F0002A524 /* SearchViewController.swift in Sources */ = {isa = PBXBuildFile; fileRef = DA60783F28989D8F0002A524 /* SearchViewController.swift */; };
		DA6078422898A4060002A524 /* Song.swift in Sources */ = {isa = PBXBuildFile; fileRef = DA9950D9287F83F70037D8E5 /* Song.swift */; };
		DA6078432898A4090002A524 /* Songs.swift in Sources */ = {isa = PBXBuildFile; fileRef = DA607818288872040002A524 /* Songs.swift */; };
		DA6078442898A5D20002A524 /* NSNotification+.swift in Sources */ = {isa = PBXBuildFile; fileRef = DA60781E288B9C080002A524 /* NSNotification+.swift */; };
		DA6078452898A5E10002A524 /* JSONFileManager.swift in Sources */ = {isa = PBXBuildFile; fileRef = DA9950DD288056510037D8E5 /* JSONFileManager.swift */; };
		DA60784A2898A9990002A524 /* SongTableViewCell.xib in Resources */ = {isa = PBXBuildFile; fileRef = DA6078482898A9990002A524 /* SongTableViewCell.xib */; };
		DA60784C28994A7B0002A524 /* SuggestModule.xib in Resources */ = {isa = PBXBuildFile; fileRef = DA60784B28994A7A0002A524 /* SuggestModule.xib */; };
		DA60784E28994A9E0002A524 /* SuggestModuleView.swift in Sources */ = {isa = PBXBuildFile; fileRef = DA60784D28994A9E0002A524 /* SuggestModuleView.swift */; };
		DA60785328995A2E0002A524 /* SuggestModuleCollectionViewCell.swift in Sources */ = {isa = PBXBuildFile; fileRef = DA60785128995A2E0002A524 /* SuggestModuleCollectionViewCell.swift */; };
		DA60785428995A2E0002A524 /* SuggestModuleCollectionViewCell.xib in Resources */ = {isa = PBXBuildFile; fileRef = DA60785228995A2E0002A524 /* SuggestModuleCollectionViewCell.xib */; };
		DA60785F289C214E0002A524 /* Setting.storyboard in Resources */ = {isa = PBXBuildFile; fileRef = DA60785E289C214E0002A524 /* Setting.storyboard */; };
		DA607861289C21630002A524 /* SettingViewController.swift in Sources */ = {isa = PBXBuildFile; fileRef = DA607860289C21630002A524 /* SettingViewController.swift */; };
		DA607866289C31F60002A524 /* UserDefaults+.swift in Sources */ = {isa = PBXBuildFile; fileRef = DA607865289C31F60002A524 /* UserDefaults+.swift */; };
		DA9950A9287B271F0037D8E5 /* AppDelegate.swift in Sources */ = {isa = PBXBuildFile; fileRef = DA9950A8287B271F0037D8E5 /* AppDelegate.swift */; };
		DA9950AB287B271F0037D8E5 /* SceneDelegate.swift in Sources */ = {isa = PBXBuildFile; fileRef = DA9950AA287B271F0037D8E5 /* SceneDelegate.swift */; };
		DA9950AD287B271F0037D8E5 /* PlayViewController.swift in Sources */ = {isa = PBXBuildFile; fileRef = DA9950AC287B271F0037D8E5 /* PlayViewController.swift */; };
		DA9950B0287B271F0037D8E5 /* Play.storyboard in Resources */ = {isa = PBXBuildFile; fileRef = DA9950AE287B271F0037D8E5 /* Play.storyboard */; };
		DA9950B2287B27270037D8E5 /* Assets.xcassets in Resources */ = {isa = PBXBuildFile; fileRef = DA9950B1287B27270037D8E5 /* Assets.xcassets */; };
		DA9950B5287B27270037D8E5 /* LaunchScreen.storyboard in Resources */ = {isa = PBXBuildFile; fileRef = DA9950B3287B27270037D8E5 /* LaunchScreen.storyboard */; };
		DA9950C0287B27280037D8E5 /* SuiseiSongTests.swift in Sources */ = {isa = PBXBuildFile; fileRef = DA9950BF287B27280037D8E5 /* SuiseiSongTests.swift */; };
		DA9950CA287B27280037D8E5 /* SuiseiSongUITests.swift in Sources */ = {isa = PBXBuildFile; fileRef = DA9950C9287B27280037D8E5 /* SuiseiSongUITests.swift */; };
		DA9950CC287B27280037D8E5 /* SuiseiSongUITestsLaunchTests.swift in Sources */ = {isa = PBXBuildFile; fileRef = DA9950CB287B27280037D8E5 /* SuiseiSongUITestsLaunchTests.swift */; };
		DA9950DA287F83F70037D8E5 /* Song.swift in Sources */ = {isa = PBXBuildFile; fileRef = DA9950D9287F83F70037D8E5 /* Song.swift */; };
		DA9950DE288056510037D8E5 /* JSONFileManager.swift in Sources */ = {isa = PBXBuildFile; fileRef = DA9950DD288056510037D8E5 /* JSONFileManager.swift */; };
		DA9950E62880577F0037D8E5 /* SongsTests.swift in Sources */ = {isa = PBXBuildFile; fileRef = DA9950E52880577F0037D8E5 /* SongsTests.swift */; };
		DA9950ED28805ED20037D8E5 /* YouTubeiOSPlayerHelper in Frameworks */ = {isa = PBXBuildFile; productRef = DA9950EC28805ED20037D8E5 /* YouTubeiOSPlayerHelper */; };
		DA9950F02880757F0037D8E5 /* SongTableViewCell.swift in Sources */ = {isa = PBXBuildFile; fileRef = DA9950EF2880757F0037D8E5 /* SongTableViewCell.swift */; };
		DA9950F428852A0D0037D8E5 /* PlayViewController+YTPlayerViewDelegate.swift in Sources */ = {isa = PBXBuildFile; fileRef = DA9950F328852A0D0037D8E5 /* PlayViewController+YTPlayerViewDelegate.swift */; };
		DA9950F728852A6F0037D8E5 /* YTPlayerViewWrapper.swift in Sources */ = {isa = PBXBuildFile; fileRef = DA9950F628852A6F0037D8E5 /* YTPlayerViewWrapper.swift */; };
		DA9950F92885874F0037D8E5 /* Logger.swift in Sources */ = {isa = PBXBuildFile; fileRef = DA9950F82885874F0037D8E5 /* Logger.swift */; };
		DAA257EA28B7D11C00728EF0 /* Recommend.swift in Sources */ = {isa = PBXBuildFile; fileRef = DAA257E928B7D11C00728EF0 /* Recommend.swift */; };
		DAA257EE28B8539300728EF0 /* AddPlayListViewController.swift in Sources */ = {isa = PBXBuildFile; fileRef = DAA257EC28B8539200728EF0 /* AddPlayListViewController.swift */; };
		DAA257F128B853AB00728EF0 /* AddPlayList.storyboard in Resources */ = {isa = PBXBuildFile; fileRef = DAA257F028B853AB00728EF0 /* AddPlayList.storyboard */; };
		DAA257F528B91E7900728EF0 /* SongTableViewForChoiceCell.swift in Sources */ = {isa = PBXBuildFile; fileRef = DAA257F328B91E7900728EF0 /* SongTableViewForChoiceCell.swift */; };
		DAA257F628B91E7900728EF0 /* SongTableViewForChoiceCell.xib in Resources */ = {isa = PBXBuildFile; fileRef = DAA257F428B91E7900728EF0 /* SongTableViewForChoiceCell.xib */; };
		DAC2392728A29F1800091E1D /* SongForJSON.swift in Sources */ = {isa = PBXBuildFile; fileRef = DAC2392628A29F1800091E1D /* SongForJSON.swift */; };
		DAC2392928A3220600091E1D /* Favorites.swift in Sources */ = {isa = PBXBuildFile; fileRef = DAC2392828A3220600091E1D /* Favorites.swift */; };
		DAC2392B28A3258A00091E1D /* Histories.swift in Sources */ = {isa = PBXBuildFile; fileRef = DAC2392A28A3258A00091E1D /* Histories.swift */; };
		DAC2393328A5CEF500091E1D /* ImageCaches.swift in Sources */ = {isa = PBXBuildFile; fileRef = DAC2393228A5CEF500091E1D /* ImageCaches.swift */; };
		DAC2393628A6F98600091E1D /* PlayListModule.swift in Sources */ = {isa = PBXBuildFile; fileRef = DAC2393528A6F98600091E1D /* PlayListModule.swift */; };
		DAC2393828A6F9CB00091E1D /* PlayListModule.xib in Resources */ = {isa = PBXBuildFile; fileRef = DAC2393728A6F9CB00091E1D /* PlayListModule.xib */; };
		DAD6CF8E28BB83D500A51851 /* suisei_songs.json in Resources */ = {isa = PBXBuildFile; fileRef = DAD6CF8D28BB83D500A51851 /* suisei_songs.json */; };
/* End PBXBuildFile section */

/* Begin PBXContainerItemProxy section */
		DA9950BC287B27280037D8E5 /* PBXContainerItemProxy */ = {
			isa = PBXContainerItemProxy;
			containerPortal = DA99509D287B271F0037D8E5 /* Project object */;
			proxyType = 1;
			remoteGlobalIDString = DA9950A4287B271F0037D8E5;
			remoteInfo = SuiseiSong;
		};
		DA9950C6287B27280037D8E5 /* PBXContainerItemProxy */ = {
			isa = PBXContainerItemProxy;
			containerPortal = DA99509D287B271F0037D8E5 /* Project object */;
			proxyType = 1;
			remoteGlobalIDString = DA9950A4287B271F0037D8E5;
			remoteInfo = SuiseiSong;
		};
/* End PBXContainerItemProxy section */

/* Begin PBXFileReference section */
		DA41E86E28BF80AB0092DFA3 /* Array+.swift */ = {isa = PBXFileReference; lastKnownFileType = sourcecode.swift; path = "Array+.swift"; sourceTree = "<group>"; };
		DA4D2C0D28A707BF00260B4C /* PlayListModuleCollectionViewCell.swift */ = {isa = PBXFileReference; lastKnownFileType = sourcecode.swift; path = PlayListModuleCollectionViewCell.swift; sourceTree = "<group>"; };
		DA4D2C0E28A707BF00260B4C /* PlayListModuleCollectionViewCell.xib */ = {isa = PBXFileReference; lastKnownFileType = file.xib; path = PlayListModuleCollectionViewCell.xib; sourceTree = "<group>"; };
		DA6078122886D5C20002A524 /* Int+.swift */ = {isa = PBXFileReference; lastKnownFileType = sourcecode.swift; path = "Int+.swift"; sourceTree = "<group>"; };
		DA607818288872040002A524 /* Songs.swift */ = {isa = PBXFileReference; lastKnownFileType = sourcecode.swift; path = Songs.swift; sourceTree = "<group>"; };
		DA60781A288B8D020002A524 /* PlayViewController+UITableViewDataSource.swift */ = {isa = PBXFileReference; lastKnownFileType = sourcecode.swift; path = "PlayViewController+UITableViewDataSource.swift"; sourceTree = "<group>"; };
		DA60781C288B948D0002A524 /* SelectedStatus.swift */ = {isa = PBXFileReference; lastKnownFileType = sourcecode.swift; path = SelectedStatus.swift; sourceTree = "<group>"; };
		DA60781E288B9C080002A524 /* NSNotification+.swift */ = {isa = PBXFileReference; lastKnownFileType = sourcecode.swift; path = "NSNotification+.swift"; sourceTree = "<group>"; };
		DA607820288C034C0002A524 /* Settings.swift */ = {isa = PBXFileReference; lastKnownFileType = sourcecode.swift; path = Settings.swift; sourceTree = "<group>"; };
		DA607826288D1D480002A524 /* HomeViewController.swift */ = {isa = PBXFileReference; lastKnownFileType = sourcecode.swift; path = HomeViewController.swift; sourceTree = "<group>"; };
		DA607828288D1D5E0002A524 /* Home.storyboard */ = {isa = PBXFileReference; lastKnownFileType = file.storyboard; path = Home.storyboard; sourceTree = "<group>"; };
		DA60782C288D3B190002A524 /* UIImage+.swift */ = {isa = PBXFileReference; lastKnownFileType = sourcecode.swift; path = "UIImage+.swift"; sourceTree = "<group>"; };
		DA60783D28989D6E0002A524 /* Search.storyboard */ = {isa = PBXFileReference; lastKnownFileType = file.storyboard; path = Search.storyboard; sourceTree = "<group>"; };
		DA60783F28989D8F0002A524 /* SearchViewController.swift */ = {isa = PBXFileReference; lastKnownFileType = sourcecode.swift; path = SearchViewController.swift; sourceTree = "<group>"; };
		DA6078482898A9990002A524 /* SongTableViewCell.xib */ = {isa = PBXFileReference; lastKnownFileType = file.xib; path = SongTableViewCell.xib; sourceTree = "<group>"; };
		DA60784B28994A7A0002A524 /* SuggestModule.xib */ = {isa = PBXFileReference; lastKnownFileType = file.xib; path = SuggestModule.xib; sourceTree = "<group>"; };
		DA60784D28994A9E0002A524 /* SuggestModuleView.swift */ = {isa = PBXFileReference; lastKnownFileType = sourcecode.swift; path = SuggestModuleView.swift; sourceTree = "<group>"; };
		DA60785128995A2E0002A524 /* SuggestModuleCollectionViewCell.swift */ = {isa = PBXFileReference; lastKnownFileType = sourcecode.swift; path = SuggestModuleCollectionViewCell.swift; sourceTree = "<group>"; };
		DA60785228995A2E0002A524 /* SuggestModuleCollectionViewCell.xib */ = {isa = PBXFileReference; lastKnownFileType = file.xib; path = SuggestModuleCollectionViewCell.xib; sourceTree = "<group>"; };
		DA60785E289C214E0002A524 /* Setting.storyboard */ = {isa = PBXFileReference; lastKnownFileType = file.storyboard; path = Setting.storyboard; sourceTree = "<group>"; };
		DA607860289C21630002A524 /* SettingViewController.swift */ = {isa = PBXFileReference; lastKnownFileType = sourcecode.swift; path = SettingViewController.swift; sourceTree = "<group>"; };
		DA607865289C31F60002A524 /* UserDefaults+.swift */ = {isa = PBXFileReference; lastKnownFileType = sourcecode.swift; path = "UserDefaults+.swift"; sourceTree = "<group>"; };
		DA9950A5287B271F0037D8E5 /* SuiseiSong.app */ = {isa = PBXFileReference; explicitFileType = wrapper.application; includeInIndex = 0; path = SuiseiSong.app; sourceTree = BUILT_PRODUCTS_DIR; };
		DA9950A8287B271F0037D8E5 /* AppDelegate.swift */ = {isa = PBXFileReference; lastKnownFileType = sourcecode.swift; path = AppDelegate.swift; sourceTree = "<group>"; };
		DA9950AA287B271F0037D8E5 /* SceneDelegate.swift */ = {isa = PBXFileReference; lastKnownFileType = sourcecode.swift; path = SceneDelegate.swift; sourceTree = "<group>"; };
		DA9950AC287B271F0037D8E5 /* PlayViewController.swift */ = {isa = PBXFileReference; lastKnownFileType = sourcecode.swift; path = PlayViewController.swift; sourceTree = "<group>"; };
		DA9950AF287B271F0037D8E5 /* Base */ = {isa = PBXFileReference; lastKnownFileType = file.storyboard; name = Base; path = Base.lproj/Play.storyboard; sourceTree = "<group>"; };
		DA9950B1287B27270037D8E5 /* Assets.xcassets */ = {isa = PBXFileReference; lastKnownFileType = folder.assetcatalog; path = Assets.xcassets; sourceTree = "<group>"; };
		DA9950B4287B27270037D8E5 /* Base */ = {isa = PBXFileReference; lastKnownFileType = file.storyboard; name = Base; path = Base.lproj/LaunchScreen.storyboard; sourceTree = "<group>"; };
		DA9950B6287B27270037D8E5 /* Info.plist */ = {isa = PBXFileReference; lastKnownFileType = text.plist.xml; path = Info.plist; sourceTree = "<group>"; };
		DA9950BB287B27280037D8E5 /* SuiseiSongTests.xctest */ = {isa = PBXFileReference; explicitFileType = wrapper.cfbundle; includeInIndex = 0; path = SuiseiSongTests.xctest; sourceTree = BUILT_PRODUCTS_DIR; };
		DA9950BF287B27280037D8E5 /* SuiseiSongTests.swift */ = {isa = PBXFileReference; lastKnownFileType = sourcecode.swift; path = SuiseiSongTests.swift; sourceTree = "<group>"; };
		DA9950C5287B27280037D8E5 /* SuiseiSongUITests.xctest */ = {isa = PBXFileReference; explicitFileType = wrapper.cfbundle; includeInIndex = 0; path = SuiseiSongUITests.xctest; sourceTree = BUILT_PRODUCTS_DIR; };
		DA9950C9287B27280037D8E5 /* SuiseiSongUITests.swift */ = {isa = PBXFileReference; lastKnownFileType = sourcecode.swift; path = SuiseiSongUITests.swift; sourceTree = "<group>"; };
		DA9950CB287B27280037D8E5 /* SuiseiSongUITestsLaunchTests.swift */ = {isa = PBXFileReference; lastKnownFileType = sourcecode.swift; path = SuiseiSongUITestsLaunchTests.swift; sourceTree = "<group>"; };
		DA9950D9287F83F70037D8E5 /* Song.swift */ = {isa = PBXFileReference; lastKnownFileType = sourcecode.swift; path = Song.swift; sourceTree = "<group>"; };
		DA9950DD288056510037D8E5 /* JSONFileManager.swift */ = {isa = PBXFileReference; lastKnownFileType = sourcecode.swift; path = JSONFileManager.swift; sourceTree = "<group>"; };
		DA9950E52880577F0037D8E5 /* SongsTests.swift */ = {isa = PBXFileReference; lastKnownFileType = sourcecode.swift; path = SongsTests.swift; sourceTree = "<group>"; };
		DA9950EF2880757F0037D8E5 /* SongTableViewCell.swift */ = {isa = PBXFileReference; lastKnownFileType = sourcecode.swift; path = SongTableViewCell.swift; sourceTree = "<group>"; };
		DA9950F328852A0D0037D8E5 /* PlayViewController+YTPlayerViewDelegate.swift */ = {isa = PBXFileReference; lastKnownFileType = sourcecode.swift; path = "PlayViewController+YTPlayerViewDelegate.swift"; sourceTree = "<group>"; };
		DA9950F628852A6F0037D8E5 /* YTPlayerViewWrapper.swift */ = {isa = PBXFileReference; lastKnownFileType = sourcecode.swift; path = YTPlayerViewWrapper.swift; sourceTree = "<group>"; };
		DA9950F82885874F0037D8E5 /* Logger.swift */ = {isa = PBXFileReference; lastKnownFileType = sourcecode.swift; path = Logger.swift; sourceTree = "<group>"; };
		DAA257E928B7D11C00728EF0 /* Recommend.swift */ = {isa = PBXFileReference; lastKnownFileType = sourcecode.swift; path = Recommend.swift; sourceTree = "<group>"; };
		DAA257EC28B8539200728EF0 /* AddPlayListViewController.swift */ = {isa = PBXFileReference; lastKnownFileType = sourcecode.swift; path = AddPlayListViewController.swift; sourceTree = "<group>"; };
		DAA257F028B853AB00728EF0 /* AddPlayList.storyboard */ = {isa = PBXFileReference; lastKnownFileType = file.storyboard; path = AddPlayList.storyboard; sourceTree = "<group>"; };
		DAA257F328B91E7900728EF0 /* SongTableViewForChoiceCell.swift */ = {isa = PBXFileReference; lastKnownFileType = sourcecode.swift; path = SongTableViewForChoiceCell.swift; sourceTree = "<group>"; };
		DAA257F428B91E7900728EF0 /* SongTableViewForChoiceCell.xib */ = {isa = PBXFileReference; lastKnownFileType = file.xib; path = SongTableViewForChoiceCell.xib; sourceTree = "<group>"; };
		DAC2392628A29F1800091E1D /* SongForJSON.swift */ = {isa = PBXFileReference; lastKnownFileType = sourcecode.swift; path = SongForJSON.swift; sourceTree = "<group>"; };
		DAC2392828A3220600091E1D /* Favorites.swift */ = {isa = PBXFileReference; lastKnownFileType = sourcecode.swift; path = Favorites.swift; sourceTree = "<group>"; };
		DAC2392A28A3258A00091E1D /* Histories.swift */ = {isa = PBXFileReference; lastKnownFileType = sourcecode.swift; path = Histories.swift; sourceTree = "<group>"; };
		DAC2393228A5CEF500091E1D /* ImageCaches.swift */ = {isa = PBXFileReference; lastKnownFileType = sourcecode.swift; path = ImageCaches.swift; sourceTree = "<group>"; };
		DAC2393528A6F98600091E1D /* PlayListModule.swift */ = {isa = PBXFileReference; lastKnownFileType = sourcecode.swift; path = PlayListModule.swift; sourceTree = "<group>"; };
		DAC2393728A6F9CB00091E1D /* PlayListModule.xib */ = {isa = PBXFileReference; lastKnownFileType = file.xib; path = PlayListModule.xib; sourceTree = "<group>"; };
		DAD6CF8D28BB83D500A51851 /* suisei_songs.json */ = {isa = PBXFileReference; fileEncoding = 4; lastKnownFileType = text.json; name = suisei_songs.json; path = ../../../Dataset/suisei_songs.json; sourceTree = "<group>"; };
/* End PBXFileReference section */

/* Begin PBXFrameworksBuildPhase section */
		DA9950A2287B271F0037D8E5 /* Frameworks */ = {
			isa = PBXFrameworksBuildPhase;
			buildActionMask = 2147483647;
			files = (
				DA9950ED28805ED20037D8E5 /* YouTubeiOSPlayerHelper in Frameworks */,
			);
			runOnlyForDeploymentPostprocessing = 0;
		};
		DA9950B8287B27280037D8E5 /* Frameworks */ = {
			isa = PBXFrameworksBuildPhase;
			buildActionMask = 2147483647;
			files = (
			);
			runOnlyForDeploymentPostprocessing = 0;
		};
		DA9950C2287B27280037D8E5 /* Frameworks */ = {
			isa = PBXFrameworksBuildPhase;
			buildActionMask = 2147483647;
			files = (
			);
			runOnlyForDeploymentPostprocessing = 0;
		};
/* End PBXFrameworksBuildPhase section */

/* Begin PBXGroup section */
		DA6078112886D5B00002A524 /* Extension */ = {
			isa = PBXGroup;
			children = (
				DA41E86E28BF80AB0092DFA3 /* Array+.swift */,
				DA60781E288B9C080002A524 /* NSNotification+.swift */,
				DA6078122886D5C20002A524 /* Int+.swift */,
				DA60782C288D3B190002A524 /* UIImage+.swift */,
				DA607865289C31F60002A524 /* UserDefaults+.swift */,
			);
			path = Extension;
			sourceTree = "<group>";
		};
		DA607822288C09430002A524 /* HomeScene */ = {
			isa = PBXGroup;
			children = (
				DAC2393428A6853600091E1D /* PlayListModule */,
				DA6078412898A2AD0002A524 /* SuggestModule */,
				DA607826288D1D480002A524 /* HomeViewController.swift */,
				DA607828288D1D5E0002A524 /* Home.storyboard */,
			);
			path = HomeScene;
			sourceTree = "<group>";
		};
		DA607823288C094F0002A524 /* SettingScene */ = {
			isa = PBXGroup;
			children = (
				DA607862289C23140002A524 /* SettingContentScene */,
				DA60785E289C214E0002A524 /* Setting.storyboard */,
				DA607860289C21630002A524 /* SettingViewController.swift */,
			);
			path = SettingScene;
			sourceTree = "<group>";
		};
		DA60783C28989D460002A524 /* SearchScene */ = {
			isa = PBXGroup;
			children = (
				DA60783D28989D6E0002A524 /* Search.storyboard */,
				DA60783F28989D8F0002A524 /* SearchViewController.swift */,
			);
			path = SearchScene;
			sourceTree = "<group>";
		};
		DA6078412898A2AD0002A524 /* SuggestModule */ = {
			isa = PBXGroup;
			children = (
				DA60784D28994A9E0002A524 /* SuggestModuleView.swift */,
				DA60784B28994A7A0002A524 /* SuggestModule.xib */,
				DA60785128995A2E0002A524 /* SuggestModuleCollectionViewCell.swift */,
				DA60785228995A2E0002A524 /* SuggestModuleCollectionViewCell.xib */,
			);
			path = SuggestModule;
			sourceTree = "<group>";
		};
		DA6078462898A9460002A524 /* SongTableViewCell */ = {
			isa = PBXGroup;
			children = (
				DA9950EF2880757F0037D8E5 /* SongTableViewCell.swift */,
				DA6078482898A9990002A524 /* SongTableViewCell.xib */,
			);
			path = SongTableViewCell;
			sourceTree = "<group>";
		};
		DA607862289C23140002A524 /* SettingContentScene */ = {
			isa = PBXGroup;
			children = (
			);
			path = SettingContentScene;
			sourceTree = "<group>";
		};
		DA99509C287B271F0037D8E5 = {
			isa = PBXGroup;
			children = (
				DA9950A7287B271F0037D8E5 /* SuiseiSong */,
				DA9950BE287B27280037D8E5 /* SuiseiSongTests */,
				DA9950C8287B27280037D8E5 /* SuiseiSongUITests */,
				DA9950A6287B271F0037D8E5 /* Products */,
			);
			sourceTree = "<group>";
		};
		DA9950A6287B271F0037D8E5 /* Products */ = {
			isa = PBXGroup;
			children = (
				DA9950A5287B271F0037D8E5 /* SuiseiSong.app */,
				DA9950BB287B27280037D8E5 /* SuiseiSongTests.xctest */,
				DA9950C5287B27280037D8E5 /* SuiseiSongUITests.xctest */,
			);
			name = Products;
			sourceTree = "<group>";
		};
		DA9950A7287B271F0037D8E5 /* SuiseiSong */ = {
			isa = PBXGroup;
			children = (
				DA9950DF288056A30037D8E5 /* DataBase */,
				DA9950D8287F83DC0037D8E5 /* Song */,
				DAA257E828B7CD2A00728EF0 /* Recommend */,
				DA9950F528852A3D0037D8E5 /* Util */,
				DA6078112886D5B00002A524 /* Extension */,
				DA9950EE288075480037D8E5 /* PlayScene */,
				DA607822288C09430002A524 /* HomeScene */,
				DA60783C28989D460002A524 /* SearchScene */,
				DAA257EB28B8531B00728EF0 /* AddPlayListScene */,
				DA607823288C094F0002A524 /* SettingScene */,
				DA9950A8287B271F0037D8E5 /* AppDelegate.swift */,
				DA9950AA287B271F0037D8E5 /* SceneDelegate.swift */,
				DA9950B1287B27270037D8E5 /* Assets.xcassets */,
				DA9950B3287B27270037D8E5 /* LaunchScreen.storyboard */,
				DA9950B6287B27270037D8E5 /* Info.plist */,
			);
			path = SuiseiSong;
			sourceTree = "<group>";
		};
		DA9950BE287B27280037D8E5 /* SuiseiSongTests */ = {
			isa = PBXGroup;
			children = (
				DA9950E2288057310037D8E5 /* Song */,
				DA9950BF287B27280037D8E5 /* SuiseiSongTests.swift */,
			);
			path = SuiseiSongTests;
			sourceTree = "<group>";
		};
		DA9950C8287B27280037D8E5 /* SuiseiSongUITests */ = {
			isa = PBXGroup;
			children = (
				DA9950C9287B27280037D8E5 /* SuiseiSongUITests.swift */,
				DA9950CB287B27280037D8E5 /* SuiseiSongUITestsLaunchTests.swift */,
			);
			path = SuiseiSongUITests;
			sourceTree = "<group>";
		};
		DA9950D8287F83DC0037D8E5 /* Song */ = {
			isa = PBXGroup;
			children = (
				DA9950D9287F83F70037D8E5 /* Song.swift */,
				DAC2392628A29F1800091E1D /* SongForJSON.swift */,
				DA607818288872040002A524 /* Songs.swift */,
				DAC2393228A5CEF500091E1D /* ImageCaches.swift */,
				DA60781C288B948D0002A524 /* SelectedStatus.swift */,
			);
			path = Song;
			sourceTree = "<group>";
		};
		DA9950DF288056A30037D8E5 /* DataBase */ = {
			isa = PBXGroup;
			children = (
				DAD6CF8D28BB83D500A51851 /* suisei_songs.json */,
				DA9950DD288056510037D8E5 /* JSONFileManager.swift */,
			);
			path = DataBase;
			sourceTree = "<group>";
		};
		DA9950E2288057310037D8E5 /* Song */ = {
			isa = PBXGroup;
			children = (
				DA9950E52880577F0037D8E5 /* SongsTests.swift */,
			);
			path = Song;
			sourceTree = "<group>";
		};
		DA9950EE288075480037D8E5 /* PlayScene */ = {
			isa = PBXGroup;
			children = (
				DA6078462898A9460002A524 /* SongTableViewCell */,
				DA9950AC287B271F0037D8E5 /* PlayViewController.swift */,
				DA9950F328852A0D0037D8E5 /* PlayViewController+YTPlayerViewDelegate.swift */,
				DA60781A288B8D020002A524 /* PlayViewController+UITableViewDataSource.swift */,
				DA9950F628852A6F0037D8E5 /* YTPlayerViewWrapper.swift */,
				DA9950AE287B271F0037D8E5 /* Play.storyboard */,
			);
			path = PlayScene;
			sourceTree = "<group>";
		};
		DA9950F528852A3D0037D8E5 /* Util */ = {
			isa = PBXGroup;
			children = (
				DA9950F82885874F0037D8E5 /* Logger.swift */,
				DA607820288C034C0002A524 /* Settings.swift */,
				DAC2392828A3220600091E1D /* Favorites.swift */,
				DAC2392A28A3258A00091E1D /* Histories.swift */,
			);
			path = Util;
			sourceTree = "<group>";
		};
		DAA257E828B7CD2A00728EF0 /* Recommend */ = {
			isa = PBXGroup;
			children = (
				DAA257E928B7D11C00728EF0 /* Recommend.swift */,
			);
			path = Recommend;
			sourceTree = "<group>";
		};
		DAA257EB28B8531B00728EF0 /* AddPlayListScene */ = {
			isa = PBXGroup;
			children = (
				DAA257F228B91E3E00728EF0 /* SongTableViewForChoiceCell */,
				DAA257EC28B8539200728EF0 /* AddPlayListViewController.swift */,
				DAA257F028B853AB00728EF0 /* AddPlayList.storyboard */,
			);
			path = AddPlayListScene;
			sourceTree = "<group>";
		};
		DAA257F228B91E3E00728EF0 /* SongTableViewForChoiceCell */ = {
			isa = PBXGroup;
			children = (
				DAA257F328B91E7900728EF0 /* SongTableViewForChoiceCell.swift */,
				DAA257F428B91E7900728EF0 /* SongTableViewForChoiceCell.xib */,
			);
			path = SongTableViewForChoiceCell;
			sourceTree = "<group>";
		};
		DAC2393428A6853600091E1D /* PlayListModule */ = {
			isa = PBXGroup;
			children = (
				DAC2393528A6F98600091E1D /* PlayListModule.swift */,
				DAC2393728A6F9CB00091E1D /* PlayListModule.xib */,
				DA4D2C0D28A707BF00260B4C /* PlayListModuleCollectionViewCell.swift */,
				DA4D2C0E28A707BF00260B4C /* PlayListModuleCollectionViewCell.xib */,
			);
			path = PlayListModule;
			sourceTree = "<group>";
		};
/* End PBXGroup section */

/* Begin PBXNativeTarget section */
		DA9950A4287B271F0037D8E5 /* SuiseiSong */ = {
			isa = PBXNativeTarget;
			buildConfigurationList = DA9950CF287B27280037D8E5 /* Build configuration list for PBXNativeTarget "SuiseiSong" */;
			buildPhases = (
				DA9950A1287B271F0037D8E5 /* Sources */,
				DA9950A2287B271F0037D8E5 /* Frameworks */,
				DA9950A3287B271F0037D8E5 /* Resources */,
			);
			buildRules = (
			);
			dependencies = (
			);
			name = SuiseiSong;
			packageProductDependencies = (
				DA9950EC28805ED20037D8E5 /* YouTubeiOSPlayerHelper */,
			);
			productName = SuiseiSong;
			productReference = DA9950A5287B271F0037D8E5 /* SuiseiSong.app */;
			productType = "com.apple.product-type.application";
		};
		DA9950BA287B27280037D8E5 /* SuiseiSongTests */ = {
			isa = PBXNativeTarget;
			buildConfigurationList = DA9950D2287B27280037D8E5 /* Build configuration list for PBXNativeTarget "SuiseiSongTests" */;
			buildPhases = (
				DA9950B7287B27280037D8E5 /* Sources */,
				DA9950B8287B27280037D8E5 /* Frameworks */,
				DA9950B9287B27280037D8E5 /* Resources */,
			);
			buildRules = (
			);
			dependencies = (
				DA9950BD287B27280037D8E5 /* PBXTargetDependency */,
			);
			name = SuiseiSongTests;
			productName = SuiseiSongTests;
			productReference = DA9950BB287B27280037D8E5 /* SuiseiSongTests.xctest */;
			productType = "com.apple.product-type.bundle.unit-test";
		};
		DA9950C4287B27280037D8E5 /* SuiseiSongUITests */ = {
			isa = PBXNativeTarget;
			buildConfigurationList = DA9950D5287B27280037D8E5 /* Build configuration list for PBXNativeTarget "SuiseiSongUITests" */;
			buildPhases = (
				DA9950C1287B27280037D8E5 /* Sources */,
				DA9950C2287B27280037D8E5 /* Frameworks */,
				DA9950C3287B27280037D8E5 /* Resources */,
			);
			buildRules = (
			);
			dependencies = (
				DA9950C7287B27280037D8E5 /* PBXTargetDependency */,
			);
			name = SuiseiSongUITests;
			productName = SuiseiSongUITests;
			productReference = DA9950C5287B27280037D8E5 /* SuiseiSongUITests.xctest */;
			productType = "com.apple.product-type.bundle.ui-testing";
		};
/* End PBXNativeTarget section */

/* Begin PBXProject section */
		DA99509D287B271F0037D8E5 /* Project object */ = {
			isa = PBXProject;
			attributes = {
				BuildIndependentTargetsInParallel = 1;
				LastSwiftUpdateCheck = 1340;
				LastUpgradeCheck = 1340;
				TargetAttributes = {
					DA9950A4287B271F0037D8E5 = {
						CreatedOnToolsVersion = 13.4.1;
					};
					DA9950BA287B27280037D8E5 = {
						CreatedOnToolsVersion = 13.4.1;
						TestTargetID = DA9950A4287B271F0037D8E5;
					};
					DA9950C4287B27280037D8E5 = {
						CreatedOnToolsVersion = 13.4.1;
						TestTargetID = DA9950A4287B271F0037D8E5;
					};
				};
			};
			buildConfigurationList = DA9950A0287B271F0037D8E5 /* Build configuration list for PBXProject "SuiseiSong" */;
			compatibilityVersion = "Xcode 13.0";
			developmentRegion = en;
			hasScannedForEncodings = 0;
			knownRegions = (
				en,
				Base,
			);
			mainGroup = DA99509C287B271F0037D8E5;
			packageReferences = (
				DA9950EB28805ED10037D8E5 /* XCRemoteSwiftPackageReference "youtube-ios-player-helper" */,
			);
			productRefGroup = DA9950A6287B271F0037D8E5 /* Products */;
			projectDirPath = "";
			projectRoot = "";
			targets = (
				DA9950A4287B271F0037D8E5 /* SuiseiSong */,
				DA9950BA287B27280037D8E5 /* SuiseiSongTests */,
				DA9950C4287B27280037D8E5 /* SuiseiSongUITests */,
			);
		};
/* End PBXProject section */

/* Begin PBXResourcesBuildPhase section */
		DA9950A3287B271F0037D8E5 /* Resources */ = {
			isa = PBXResourcesBuildPhase;
			buildActionMask = 2147483647;
			files = (
				DA9950B5287B27270037D8E5 /* LaunchScreen.storyboard in Resources */,
				DA9950B2287B27270037D8E5 /* Assets.xcassets in Resources */,
				DA60783E28989D6E0002A524 /* Search.storyboard in Resources */,
				DAA257F628B91E7900728EF0 /* SongTableViewForChoiceCell.xib in Resources */,
				DA60784C28994A7B0002A524 /* SuggestModule.xib in Resources */,
				DA60784A2898A9990002A524 /* SongTableViewCell.xib in Resources */,
				DA9950B0287B271F0037D8E5 /* Play.storyboard in Resources */,
				DA607829288D1D5E0002A524 /* Home.storyboard in Resources */,
				DA60785428995A2E0002A524 /* SuggestModuleCollectionViewCell.xib in Resources */,
				DA4D2C1028A707BF00260B4C /* PlayListModuleCollectionViewCell.xib in Resources */,
				DAD6CF8E28BB83D500A51851 /* suisei_songs.json in Resources */,
				DAC2393828A6F9CB00091E1D /* PlayListModule.xib in Resources */,
				DAA257F128B853AB00728EF0 /* AddPlayList.storyboard in Resources */,
				DA60785F289C214E0002A524 /* Setting.storyboard in Resources */,
			);
			runOnlyForDeploymentPostprocessing = 0;
		};
		DA9950B9287B27280037D8E5 /* Resources */ = {
			isa = PBXResourcesBuildPhase;
			buildActionMask = 2147483647;
			files = (
			);
			runOnlyForDeploymentPostprocessing = 0;
		};
		DA9950C3287B27280037D8E5 /* Resources */ = {
			isa = PBXResourcesBuildPhase;
			buildActionMask = 2147483647;
			files = (
			);
			runOnlyForDeploymentPostprocessing = 0;
		};
/* End PBXResourcesBuildPhase section */

/* Begin PBXSourcesBuildPhase section */
		DA9950A1287B271F0037D8E5 /* Sources */ = {
			isa = PBXSourcesBuildPhase;
			buildActionMask = 2147483647;
			files = (
				DA4D2C0F28A707BF00260B4C /* PlayListModuleCollectionViewCell.swift in Sources */,
				DA60784E28994A9E0002A524 /* SuggestModuleView.swift in Sources */,
				DA60781B288B8D020002A524 /* PlayViewController+UITableViewDataSource.swift in Sources */,
				DA607861289C21630002A524 /* SettingViewController.swift in Sources */,
				DA607819288872040002A524 /* Songs.swift in Sources */,
				DA9950DE288056510037D8E5 /* JSONFileManager.swift in Sources */,
				DA607827288D1D480002A524 /* HomeViewController.swift in Sources */,
				DA9950DA287F83F70037D8E5 /* Song.swift in Sources */,
				DA60785328995A2E0002A524 /* SuggestModuleCollectionViewCell.swift in Sources */,
				DA9950F428852A0D0037D8E5 /* PlayViewController+YTPlayerViewDelegate.swift in Sources */,
				DA60781D288B948D0002A524 /* SelectedStatus.swift in Sources */,
				DA9950F02880757F0037D8E5 /* SongTableViewCell.swift in Sources */,
				DAA257EA28B7D11C00728EF0 /* Recommend.swift in Sources */,
				DAC2392928A3220600091E1D /* Favorites.swift in Sources */,
				DAC2392728A29F1800091E1D /* SongForJSON.swift in Sources */,
				DA6078132886D5C20002A524 /* Int+.swift in Sources */,
				DA9950AD287B271F0037D8E5 /* PlayViewController.swift in Sources */,
				DA41E86F28BF80AB0092DFA3 /* Array+.swift in Sources */,
				DA9950F728852A6F0037D8E5 /* YTPlayerViewWrapper.swift in Sources */,
				DA607821288C034C0002A524 /* Settings.swift in Sources */,
				DAC2393628A6F98600091E1D /* PlayListModule.swift in Sources */,
				DA9950A9287B271F0037D8E5 /* AppDelegate.swift in Sources */,
				DAA257F528B91E7900728EF0 /* SongTableViewForChoiceCell.swift in Sources */,
				DA9950F92885874F0037D8E5 /* Logger.swift in Sources */,
				DAC2392B28A3258A00091E1D /* Histories.swift in Sources */,
				DAC2393328A5CEF500091E1D /* ImageCaches.swift in Sources */,
				DA60782D288D3B190002A524 /* UIImage+.swift in Sources */,
				DA607866289C31F60002A524 /* UserDefaults+.swift in Sources */,
				DA60781F288B9C080002A524 /* NSNotification+.swift in Sources */,
				DA60784028989D8F0002A524 /* SearchViewController.swift in Sources */,
				DA9950AB287B271F0037D8E5 /* SceneDelegate.swift in Sources */,
				DAA257EE28B8539300728EF0 /* AddPlayListViewController.swift in Sources */,
			);
			runOnlyForDeploymentPostprocessing = 0;
		};
		DA9950B7287B27280037D8E5 /* Sources */ = {
			isa = PBXSourcesBuildPhase;
			buildActionMask = 2147483647;
			files = (
				DA6078442898A5D20002A524 /* NSNotification+.swift in Sources */,
				DA6078432898A4090002A524 /* Songs.swift in Sources */,
				DA6078422898A4060002A524 /* Song.swift in Sources */,
				DA9950E62880577F0037D8E5 /* SongsTests.swift in Sources */,
				DA9950C0287B27280037D8E5 /* SuiseiSongTests.swift in Sources */,
				DA6078452898A5E10002A524 /* JSONFileManager.swift in Sources */,
			);
			runOnlyForDeploymentPostprocessing = 0;
		};
		DA9950C1287B27280037D8E5 /* Sources */ = {
			isa = PBXSourcesBuildPhase;
			buildActionMask = 2147483647;
			files = (
				DA9950CA287B27280037D8E5 /* SuiseiSongUITests.swift in Sources */,
				DA9950CC287B27280037D8E5 /* SuiseiSongUITestsLaunchTests.swift in Sources */,
			);
			runOnlyForDeploymentPostprocessing = 0;
		};
/* End PBXSourcesBuildPhase section */

/* Begin PBXTargetDependency section */
		DA9950BD287B27280037D8E5 /* PBXTargetDependency */ = {
			isa = PBXTargetDependency;
			target = DA9950A4287B271F0037D8E5 /* SuiseiSong */;
			targetProxy = DA9950BC287B27280037D8E5 /* PBXContainerItemProxy */;
		};
		DA9950C7287B27280037D8E5 /* PBXTargetDependency */ = {
			isa = PBXTargetDependency;
			target = DA9950A4287B271F0037D8E5 /* SuiseiSong */;
			targetProxy = DA9950C6287B27280037D8E5 /* PBXContainerItemProxy */;
		};
/* End PBXTargetDependency section */

/* Begin PBXVariantGroup section */
		DA9950AE287B271F0037D8E5 /* Play.storyboard */ = {
			isa = PBXVariantGroup;
			children = (
				DA9950AF287B271F0037D8E5 /* Base */,
			);
			name = Play.storyboard;
			sourceTree = "<group>";
		};
		DA9950B3287B27270037D8E5 /* LaunchScreen.storyboard */ = {
			isa = PBXVariantGroup;
			children = (
				DA9950B4287B27270037D8E5 /* Base */,
			);
			name = LaunchScreen.storyboard;
			sourceTree = "<group>";
		};
/* End PBXVariantGroup section */

/* Begin XCBuildConfiguration section */
		DA9950CD287B27280037D8E5 /* Debug */ = {
			isa = XCBuildConfiguration;
			buildSettings = {
				ALWAYS_SEARCH_USER_PATHS = NO;
				CLANG_ANALYZER_NONNULL = YES;
				CLANG_ANALYZER_NUMBER_OBJECT_CONVERSION = YES_AGGRESSIVE;
				CLANG_CXX_LANGUAGE_STANDARD = "gnu++17";
				CLANG_ENABLE_MODULES = YES;
				CLANG_ENABLE_OBJC_ARC = YES;
				CLANG_ENABLE_OBJC_WEAK = YES;
				CLANG_WARN_BLOCK_CAPTURE_AUTORELEASING = YES;
				CLANG_WARN_BOOL_CONVERSION = YES;
				CLANG_WARN_COMMA = YES;
				CLANG_WARN_CONSTANT_CONVERSION = YES;
				CLANG_WARN_DEPRECATED_OBJC_IMPLEMENTATIONS = YES;
				CLANG_WARN_DIRECT_OBJC_ISA_USAGE = YES_ERROR;
				CLANG_WARN_DOCUMENTATION_COMMENTS = YES;
				CLANG_WARN_EMPTY_BODY = YES;
				CLANG_WARN_ENUM_CONVERSION = YES;
				CLANG_WARN_INFINITE_RECURSION = YES;
				CLANG_WARN_INT_CONVERSION = YES;
				CLANG_WARN_NON_LITERAL_NULL_CONVERSION = YES;
				CLANG_WARN_OBJC_IMPLICIT_RETAIN_SELF = YES;
				CLANG_WARN_OBJC_LITERAL_CONVERSION = YES;
				CLANG_WARN_OBJC_ROOT_CLASS = YES_ERROR;
				CLANG_WARN_QUOTED_INCLUDE_IN_FRAMEWORK_HEADER = YES;
				CLANG_WARN_RANGE_LOOP_ANALYSIS = YES;
				CLANG_WARN_STRICT_PROTOTYPES = YES;
				CLANG_WARN_SUSPICIOUS_MOVE = YES;
				CLANG_WARN_UNGUARDED_AVAILABILITY = YES_AGGRESSIVE;
				CLANG_WARN_UNREACHABLE_CODE = YES;
				CLANG_WARN__DUPLICATE_METHOD_MATCH = YES;
				COPY_PHASE_STRIP = NO;
				DEBUG_INFORMATION_FORMAT = dwarf;
				ENABLE_STRICT_OBJC_MSGSEND = YES;
				ENABLE_TESTABILITY = YES;
				GCC_C_LANGUAGE_STANDARD = gnu11;
				GCC_DYNAMIC_NO_PIC = NO;
				GCC_NO_COMMON_BLOCKS = YES;
				GCC_OPTIMIZATION_LEVEL = 0;
				GCC_PREPROCESSOR_DEFINITIONS = (
					"DEBUG=1",
					"$(inherited)",
				);
				GCC_WARN_64_TO_32_BIT_CONVERSION = YES;
				GCC_WARN_ABOUT_RETURN_TYPE = YES_ERROR;
				GCC_WARN_UNDECLARED_SELECTOR = YES;
				GCC_WARN_UNINITIALIZED_AUTOS = YES_AGGRESSIVE;
				GCC_WARN_UNUSED_FUNCTION = YES;
				GCC_WARN_UNUSED_VARIABLE = YES;
				IPHONEOS_DEPLOYMENT_TARGET = 15.5;
				MTL_ENABLE_DEBUG_INFO = INCLUDE_SOURCE;
				MTL_FAST_MATH = YES;
				ONLY_ACTIVE_ARCH = YES;
				SDKROOT = iphoneos;
				SWIFT_ACTIVE_COMPILATION_CONDITIONS = DEBUG;
				SWIFT_OPTIMIZATION_LEVEL = "-Onone";
			};
			name = Debug;
		};
		DA9950CE287B27280037D8E5 /* Release */ = {
			isa = XCBuildConfiguration;
			buildSettings = {
				ALWAYS_SEARCH_USER_PATHS = NO;
				CLANG_ANALYZER_NONNULL = YES;
				CLANG_ANALYZER_NUMBER_OBJECT_CONVERSION = YES_AGGRESSIVE;
				CLANG_CXX_LANGUAGE_STANDARD = "gnu++17";
				CLANG_ENABLE_MODULES = YES;
				CLANG_ENABLE_OBJC_ARC = YES;
				CLANG_ENABLE_OBJC_WEAK = YES;
				CLANG_WARN_BLOCK_CAPTURE_AUTORELEASING = YES;
				CLANG_WARN_BOOL_CONVERSION = YES;
				CLANG_WARN_COMMA = YES;
				CLANG_WARN_CONSTANT_CONVERSION = YES;
				CLANG_WARN_DEPRECATED_OBJC_IMPLEMENTATIONS = YES;
				CLANG_WARN_DIRECT_OBJC_ISA_USAGE = YES_ERROR;
				CLANG_WARN_DOCUMENTATION_COMMENTS = YES;
				CLANG_WARN_EMPTY_BODY = YES;
				CLANG_WARN_ENUM_CONVERSION = YES;
				CLANG_WARN_INFINITE_RECURSION = YES;
				CLANG_WARN_INT_CONVERSION = YES;
				CLANG_WARN_NON_LITERAL_NULL_CONVERSION = YES;
				CLANG_WARN_OBJC_IMPLICIT_RETAIN_SELF = YES;
				CLANG_WARN_OBJC_LITERAL_CONVERSION = YES;
				CLANG_WARN_OBJC_ROOT_CLASS = YES_ERROR;
				CLANG_WARN_QUOTED_INCLUDE_IN_FRAMEWORK_HEADER = YES;
				CLANG_WARN_RANGE_LOOP_ANALYSIS = YES;
				CLANG_WARN_STRICT_PROTOTYPES = YES;
				CLANG_WARN_SUSPICIOUS_MOVE = YES;
				CLANG_WARN_UNGUARDED_AVAILABILITY = YES_AGGRESSIVE;
				CLANG_WARN_UNREACHABLE_CODE = YES;
				CLANG_WARN__DUPLICATE_METHOD_MATCH = YES;
				COPY_PHASE_STRIP = NO;
				DEBUG_INFORMATION_FORMAT = "dwarf-with-dsym";
				ENABLE_NS_ASSERTIONS = NO;
				ENABLE_STRICT_OBJC_MSGSEND = YES;
				GCC_C_LANGUAGE_STANDARD = gnu11;
				GCC_NO_COMMON_BLOCKS = YES;
				GCC_WARN_64_TO_32_BIT_CONVERSION = YES;
				GCC_WARN_ABOUT_RETURN_TYPE = YES_ERROR;
				GCC_WARN_UNDECLARED_SELECTOR = YES;
				GCC_WARN_UNINITIALIZED_AUTOS = YES_AGGRESSIVE;
				GCC_WARN_UNUSED_FUNCTION = YES;
				GCC_WARN_UNUSED_VARIABLE = YES;
				IPHONEOS_DEPLOYMENT_TARGET = 15.5;
				MTL_ENABLE_DEBUG_INFO = NO;
				MTL_FAST_MATH = YES;
				SDKROOT = iphoneos;
				SWIFT_COMPILATION_MODE = wholemodule;
				SWIFT_OPTIMIZATION_LEVEL = "-O";
				VALIDATE_PRODUCT = YES;
			};
			name = Release;
		};
		DA9950D0287B27280037D8E5 /* Debug */ = {
			isa = XCBuildConfiguration;
			buildSettings = {
				ASSETCATALOG_COMPILER_APPICON_NAME = AppIcon;
				ASSETCATALOG_COMPILER_GLOBAL_ACCENT_COLOR_NAME = AccentColor;
				CODE_SIGN_STYLE = Automatic;
				CURRENT_PROJECT_VERSION = 1;
				DEVELOPMENT_TEAM = X566S736X4;
				GENERATE_INFOPLIST_FILE = YES;
				INFOPLIST_FILE = SuiseiSong/Info.plist;
				INFOPLIST_KEY_CFBundleDisplayName = "すいちゃんのうた";
				INFOPLIST_KEY_UIApplicationSupportsIndirectInputEvents = YES;
				INFOPLIST_KEY_UILaunchStoryboardName = LaunchScreen;
				INFOPLIST_KEY_UIMainStoryboardFile = Home;
				INFOPLIST_KEY_UISupportedInterfaceOrientations_iPad = "UIInterfaceOrientationPortrait UIInterfaceOrientationPortraitUpsideDown UIInterfaceOrientationLandscapeLeft UIInterfaceOrientationLandscapeRight";
				INFOPLIST_KEY_UISupportedInterfaceOrientations_iPhone = "UIInterfaceOrientationPortrait UIInterfaceOrientationLandscapeLeft UIInterfaceOrientationLandscapeRight";
				INFOPLIST_KEY_UIUserInterfaceStyle = Dark;
				IPHONEOS_DEPLOYMENT_TARGET = 15.0;
				LD_RUNPATH_SEARCH_PATHS = (
					"$(inherited)",
					"@executable_path/Frameworks",
				);
				MARKETING_VERSION = 1.0;
				PRODUCT_BUNDLE_IDENTIFIER = com.tomoshin.SuiseiSong;
				PRODUCT_NAME = "$(TARGET_NAME)";
				SWIFT_EMIT_LOC_STRINGS = YES;
				SWIFT_VERSION = 5.0;
				TARGETED_DEVICE_FAMILY = "1,2";
			};
			name = Debug;
		};
		DA9950D1287B27280037D8E5 /* Release */ = {
			isa = XCBuildConfiguration;
			buildSettings = {
				ASSETCATALOG_COMPILER_APPICON_NAME = AppIcon;
				ASSETCATALOG_COMPILER_GLOBAL_ACCENT_COLOR_NAME = AccentColor;
				CODE_SIGN_IDENTITY = "Apple Development";
				CODE_SIGN_STYLE = Manual;
				CURRENT_PROJECT_VERSION = 1;
				DEVELOPMENT_TEAM = "";
				GENERATE_INFOPLIST_FILE = YES;
				INFOPLIST_FILE = SuiseiSong/Info.plist;
				INFOPLIST_KEY_CFBundleDisplayName = "すいちゃんのうた";
				INFOPLIST_KEY_UIApplicationSupportsIndirectInputEvents = YES;
				INFOPLIST_KEY_UILaunchStoryboardName = LaunchScreen;
				INFOPLIST_KEY_UIMainStoryboardFile = Home;
				INFOPLIST_KEY_UISupportedInterfaceOrientations_iPad = "UIInterfaceOrientationPortrait UIInterfaceOrientationPortraitUpsideDown UIInterfaceOrientationLandscapeLeft UIInterfaceOrientationLandscapeRight";
				INFOPLIST_KEY_UISupportedInterfaceOrientations_iPhone = "UIInterfaceOrientationPortrait UIInterfaceOrientationLandscapeLeft UIInterfaceOrientationLandscapeRight";
				INFOPLIST_KEY_UIUserInterfaceStyle = Dark;
				IPHONEOS_DEPLOYMENT_TARGET = 15.0;
				LD_RUNPATH_SEARCH_PATHS = (
					"$(inherited)",
					"@executable_path/Frameworks",
				);
				MARKETING_VERSION = 1.0;
				PRODUCT_BUNDLE_IDENTIFIER = com.tomoshin.SuiseiSong;
				PRODUCT_NAME = "$(TARGET_NAME)";
				PROVISIONING_PROFILE_SPECIFIER = "";
				SWIFT_EMIT_LOC_STRINGS = YES;
				SWIFT_VERSION = 5.0;
				TARGETED_DEVICE_FAMILY = "1,2";
			};
			name = Release;
		};
		DA9950D3287B27280037D8E5 /* Debug */ = {
			isa = XCBuildConfiguration;
			buildSettings = {
				ALWAYS_EMBED_SWIFT_STANDARD_LIBRARIES = YES;
				BUNDLE_LOADER = "$(TEST_HOST)";
				CODE_SIGN_STYLE = Automatic;
				CURRENT_PROJECT_VERSION = 1;
				DEVELOPMENT_TEAM = X566S736X4;
				GENERATE_INFOPLIST_FILE = YES;
				IPHONEOS_DEPLOYMENT_TARGET = 15.5;
				MARKETING_VERSION = 1.0;
				PRODUCT_BUNDLE_IDENTIFIER = com.tomoshin.SuiseiSongTests;
				PRODUCT_NAME = "$(TARGET_NAME)";
				SWIFT_EMIT_LOC_STRINGS = NO;
				SWIFT_VERSION = 5.0;
				TARGETED_DEVICE_FAMILY = "1,2";
				TEST_HOST = "$(BUILT_PRODUCTS_DIR)/SuiseiSong.app/SuiseiSong";
			};
			name = Debug;
		};
		DA9950D4287B27280037D8E5 /* Release */ = {
			isa = XCBuildConfiguration;
			buildSettings = {
				ALWAYS_EMBED_SWIFT_STANDARD_LIBRARIES = YES;
				BUNDLE_LOADER = "$(TEST_HOST)";
				CODE_SIGN_STYLE = Automatic;
				CURRENT_PROJECT_VERSION = 1;
				DEVELOPMENT_TEAM = X566S736X4;
				GENERATE_INFOPLIST_FILE = YES;
				IPHONEOS_DEPLOYMENT_TARGET = 15.5;
				MARKETING_VERSION = 1.0;
				PRODUCT_BUNDLE_IDENTIFIER = com.tomoshin.SuiseiSongTests;
				PRODUCT_NAME = "$(TARGET_NAME)";
				SWIFT_EMIT_LOC_STRINGS = NO;
				SWIFT_VERSION = 5.0;
				TARGETED_DEVICE_FAMILY = "1,2";
				TEST_HOST = "$(BUILT_PRODUCTS_DIR)/SuiseiSong.app/SuiseiSong";
			};
			name = Release;
		};
		DA9950D6287B27280037D8E5 /* Debug */ = {
			isa = XCBuildConfiguration;
			buildSettings = {
				ALWAYS_EMBED_SWIFT_STANDARD_LIBRARIES = YES;
				CODE_SIGN_STYLE = Automatic;
				CURRENT_PROJECT_VERSION = 1;
				DEVELOPMENT_TEAM = X566S736X4;
				GENERATE_INFOPLIST_FILE = YES;
				MARKETING_VERSION = 1.0;
				PRODUCT_BUNDLE_IDENTIFIER = com.tomoshin.SuiseiSongUITests;
				PRODUCT_NAME = "$(TARGET_NAME)";
				SWIFT_EMIT_LOC_STRINGS = NO;
				SWIFT_VERSION = 5.0;
				TARGETED_DEVICE_FAMILY = "1,2";
				TEST_TARGET_NAME = SuiseiSong;
			};
			name = Debug;
		};
		DA9950D7287B27280037D8E5 /* Release */ = {
			isa = XCBuildConfiguration;
			buildSettings = {
				ALWAYS_EMBED_SWIFT_STANDARD_LIBRARIES = YES;
				CODE_SIGN_STYLE = Automatic;
				CURRENT_PROJECT_VERSION = 1;
				DEVELOPMENT_TEAM = X566S736X4;
				GENERATE_INFOPLIST_FILE = YES;
				MARKETING_VERSION = 1.0;
				PRODUCT_BUNDLE_IDENTIFIER = com.tomoshin.SuiseiSongUITests;
				PRODUCT_NAME = "$(TARGET_NAME)";
				SWIFT_EMIT_LOC_STRINGS = NO;
				SWIFT_VERSION = 5.0;
				TARGETED_DEVICE_FAMILY = "1,2";
				TEST_TARGET_NAME = SuiseiSong;
			};
			name = Release;
		};
/* End XCBuildConfiguration section */

/* Begin XCConfigurationList section */
		DA9950A0287B271F0037D8E5 /* Build configuration list for PBXProject "SuiseiSong" */ = {
			isa = XCConfigurationList;
			buildConfigurations = (
				DA9950CD287B27280037D8E5 /* Debug */,
				DA9950CE287B27280037D8E5 /* Release */,
			);
			defaultConfigurationIsVisible = 0;
			defaultConfigurationName = Release;
		};
		DA9950CF287B27280037D8E5 /* Build configuration list for PBXNativeTarget "SuiseiSong" */ = {
			isa = XCConfigurationList;
			buildConfigurations = (
				DA9950D0287B27280037D8E5 /* Debug */,
				DA9950D1287B27280037D8E5 /* Release */,
			);
			defaultConfigurationIsVisible = 0;
			defaultConfigurationName = Release;
		};
		DA9950D2287B27280037D8E5 /* Build configuration list for PBXNativeTarget "SuiseiSongTests" */ = {
			isa = XCConfigurationList;
			buildConfigurations = (
				DA9950D3287B27280037D8E5 /* Debug */,
				DA9950D4287B27280037D8E5 /* Release */,
			);
			defaultConfigurationIsVisible = 0;
			defaultConfigurationName = Release;
		};
		DA9950D5287B27280037D8E5 /* Build configuration list for PBXNativeTarget "SuiseiSongUITests" */ = {
			isa = XCConfigurationList;
			buildConfigurations = (
				DA9950D6287B27280037D8E5 /* Debug */,
				DA9950D7287B27280037D8E5 /* Release */,
			);
			defaultConfigurationIsVisible = 0;
			defaultConfigurationName = Release;
		};
/* End XCConfigurationList section */

/* Begin XCRemoteSwiftPackageReference section */
		DA9950EB28805ED10037D8E5 /* XCRemoteSwiftPackageReference "youtube-ios-player-helper" */ = {
			isa = XCRemoteSwiftPackageReference;
			repositoryURL = "https://github.com/youtube/youtube-ios-player-helper.git";
			requirement = {
				kind = upToNextMajorVersion;
				minimumVersion = 1.0.0;
			};
		};
/* End XCRemoteSwiftPackageReference section */

/* Begin XCSwiftPackageProductDependency section */
		DA9950EC28805ED20037D8E5 /* YouTubeiOSPlayerHelper */ = {
			isa = XCSwiftPackageProductDependency;
			package = DA9950EB28805ED10037D8E5 /* XCRemoteSwiftPackageReference "youtube-ios-player-helper" */;
			productName = YouTubeiOSPlayerHelper;
		};
/* End XCSwiftPackageProductDependency section */
	};
	rootObject = DA99509D287B271F0037D8E5 /* Project object */;
}
